
Microsoft Visual Studio Solution File, Format Version 12.00
# Visual Studio Version 17
VisualStudioVersion = 17.14.36414.22 d17.14
MinimumVisualStudioVersion = 10.0.40219.1
Project("{FAE04EC0-301F-11D3-BF4B-00C04F79EFBC}") = "BuiHuyPhu_231230867_de02", "BuiHuyPhu_231230867_de02\BuiHuyPhu_231230867_de02.csproj", "{70EB6985-A38A-4545-A250-F69346D3ED0D}"
EndProject
Global
	GlobalSection(SolutionConfigurationPlatforms) = preSolution
		Debug|Any CPU = Debug|Any CPU
		Release|Any CPU = Release|Any CPU
	EndGlobalSection
	GlobalSection(ProjectConfigurationPlatforms) = postSolution
		{70EB6985-A38A-4545-A250-F69346D3ED0D}.Debug|Any CPU.ActiveCfg = Debug|Any CPU
		{70EB6985-A38A-4545-A250-F69346D3ED0D}.Debug|Any CPU.Build.0 = Debug|Any CPU
		{70EB6985-A38A-4545-A250-F69346D3ED0D}.Release|Any CPU.ActiveCfg = Release|Any CPU
		{70EB6985-A38A-4545-A250-F69346D3ED0D}.Release|Any CPU.Build.0 = Release|Any CPU
	EndGlobalSection
	GlobalSection(SolutionProperties) = preSolution
		HideSolutionNode = FALSE
	EndGlobalSection
	GlobalSection(ExtensibilityGlobals) = postSolution
		SolutionGuid = {73214F8B-2CA2-41B2-8B53-D196D30AA802}
	EndGlobalSection
EndGlobal
